// !$*UTF8*$!
{
	archiveVersion = 1;
	classes = {
	};
	objectVersion = 55;
	objects = {

/* Begin PBXBuildFile section */
		D01B9AEA2915604A003871E4 /* AppDelegate.swift in Sources */ = {isa = PBXBuildFile; fileRef = D01B9AE92915604A003871E4 /* AppDelegate.swift */; };
		D01B9AEC2915604A003871E4 /* SceneDelegate.swift in Sources */ = {isa = PBXBuildFile; fileRef = D01B9AEB2915604A003871E4 /* SceneDelegate.swift */; };
		D01B9AEE2915604A003871E4 /* ViewController.swift in Sources */ = {isa = PBXBuildFile; fileRef = D01B9AED2915604A003871E4 /* ViewController.swift */; };
		D01B9AF12915604A003871E4 /* Main.storyboard in Resources */ = {isa = PBXBuildFile; fileRef = D01B9AEF2915604A003871E4 /* Main.storyboard */; };
		D01B9AF32915604C003871E4 /* Assets.xcassets in Resources */ = {isa = PBXBuildFile; fileRef = D01B9AF22915604C003871E4 /* Assets.xcassets */; };
		D01B9AF62915604C003871E4 /* LaunchScreen.storyboard in Resources */ = {isa = PBXBuildFile; fileRef = D01B9AF42915604C003871E4 /* LaunchScreen.storyboard */; };
		D01B9AFF291564E5003871E4 /* StoryBrain.swift in Sources */ = {isa = PBXBuildFile; fileRef = D01B9AFE291564E5003871E4 /* StoryBrain.swift */; };
		D01B9B012915650C003871E4 /* WolfStory.swift in Sources */ = {isa = PBXBuildFile; fileRef = D01B9B002915650C003871E4 /* WolfStory.swift */; };
/* End PBXBuildFile section */

/* Begin PBXFileReference section */
		D01B9AE62915604A003871E4 /* wolfStory (new ver.).app */ = {isa = PBXFileReference; explicitFileType = wrapper.application; includeInIndex = 0; path = "wolfStory (new ver.).app"; sourceTree = BUILT_PRODUCTS_DIR; };
		D01B9AE92915604A003871E4 /* AppDelegate.swift */ = {isa = PBXFileReference; lastKnownFileType = sourcecode.swift; path = AppDelegate.swift; sourceTree = "<group>"; };
		D01B9AEB2915604A003871E4 /* SceneDelegate.swift */ = {isa = PBXFileReference; lastKnownFileType = sourcecode.swift; path = SceneDelegate.swift; sourceTree = "<group>"; };
		D01B9AED2915604A003871E4 /* ViewController.swift */ = {isa = PBXFileReference; lastKnownFileType = sourcecode.swift; path = ViewController.swift; sourceTree = "<group>"; };
		D01B9AF02915604A003871E4 /* Base */ = {isa = PBXFileReference; lastKnownFileType = file.storyboard; name = Base; path = Base.lproj/Main.storyboard; sourceTree = "<group>"; };
		D01B9AF22915604C003871E4 /* Assets.xcassets */ = {isa = PBXFileReference; lastKnownFileType = folder.assetcatalog; path = Assets.xcassets; sourceTree = "<group>"; };
		D01B9AF52915604C003871E4 /* Base */ = {isa = PBXFileReference; lastKnownFileType = file.storyboard; name = Base; path = Base.lproj/LaunchScreen.storyboard; sourceTree = "<group>"; };
		D01B9AF72915604C003871E4 /* Info.plist */ = {isa = PBXFileReference; lastKnownFileType = text.plist.xml; path = Info.plist; sourceTree = "<group>"; };
		D01B9AFE291564E5003871E4 /* StoryBrain.swift */ = {isa = PBXFileReference; lastKnownFileType = sourcecode.swift; path = StoryBrain.swift; sourceTree = "<group>"; };
		D01B9B002915650C003871E4 /* WolfStory.swift */ = {isa = PBXFileReference; lastKnownFileType = sourcecode.swift; path = WolfStory.swift; sourceTree = "<group>"; };
/* End PBXFileReference section */

/* Begin PBXFrameworksBuildPhase section */
		D01B9AE32915604A003871E4 /* Frameworks */ = {
			isa = PBXFrameworksBuildPhase;
			buildActionMask = 2147483647;
			files = (
			);
			runOnlyForDeploymentPostprocessing = 0;
		};
/* End PBXFrameworksBuildPhase section */

/* Begin PBXGroup section */
		D01B9ADD2915604A003871E4 = {
			isa = PBXGroup;
			children = (
				D01B9AE82915604A003871E4 /* wolfStory (new ver.) */,
				D01B9AE72915604A003871E4 /* Products */,
			);
			sourceTree = "<group>";
		};
		D01B9AE72915604A003871E4 /* Products */ = {
			isa = PBXGroup;
			children = (
				D01B9AE62915604A003871E4 /* wolfStory (new ver.).app */,
			);
			name = Products;
			sourceTree = "<group>";
		};
		D01B9AE82915604A003871E4 /* wolfStory (new ver.) */ = {
			isa = PBXGroup;
			children = (
				D01B9AFD291564D8003871E4 /* Model */,
				D01B9AE92915604A003871E4 /* AppDelegate.swift */,
				D01B9AEB2915604A003871E4 /* SceneDelegate.swift */,
				D01B9AED2915604A003871E4 /* ViewController.swift */,
				D01B9AEF2915604A003871E4 /* Main.storyboard */,
				D01B9AF22915604C003871E4 /* Assets.xcassets */,
				D01B9AF42915604C003871E4 /* LaunchScreen.storyboard */,
				D01B9AF72915604C003871E4 /* Info.plist */,
			);
			path = "wolfStory (new ver.)";
			sourceTree = "<group>";
		};
		D01B9AFD291564D8003871E4 /* Model */ = {
			isa = PBXGroup;
			children = (
				D01B9AFE291564E5003871E4 /* StoryBrain.swift */,
				D01B9B002915650C003871E4 /* WolfStory.swift */,
			);
			path = Model;
			sourceTree = "<group>";
		};
/* End PBXGroup section */

/* Begin PBXNativeTarget section */
		D01B9AE52915604A003871E4 /* wolfStory (new ver.) */ = {
			isa = PBXNativeTarget;
			buildConfigurationList = D01B9AFA2915604C003871E4 /* Build configuration list for PBXNativeTarget "wolfStory (new ver.)" */;
			buildPhases = (
				D01B9AE22915604A003871E4 /* Sources */,
				D01B9AE32915604A003871E4 /* Frameworks */,
				D01B9AE42915604A003871E4 /* Resources */,
			);
			buildRules = (
			);
			dependencies = (
			);
			name = "wolfStory (new ver.)";
			productName = "wolfStory (new ver.)";
			productReference = D01B9AE62915604A003871E4 /* wolfStory (new ver.).app */;
			productType = "com.apple.product-type.application";
		};
/* End PBXNativeTarget section */

/* Begin PBXProject section */
		D01B9ADE2915604A003871E4 /* Project object */ = {
			isa = PBXProject;
			attributes = {
				BuildIndependentTargetsInParallel = 1;
				LastSwiftUpdateCheck = 1340;
				LastUpgradeCheck = 1340;
				TargetAttributes = {
					D01B9AE52915604A003871E4 = {
						CreatedOnToolsVersion = 13.4.1;
					};
				};
			};
			buildConfigurationList = D01B9AE12915604A003871E4 /* Build configuration list for PBXProject "wolfStory (new ver.)" */;
			compatibilityVersion = "Xcode 13.0";
			developmentRegion = en;
			hasScannedForEncodings = 0;
			knownRegions = (
				en,
				Base,
			);
			mainGroup = D01B9ADD2915604A003871E4;
			productRefGroup = D01B9AE72915604A003871E4 /* Products */;
			projectDirPath = "";
			projectRoot = "";
			targets = (
				D01B9AE52915604A003871E4 /* wolfStory (new ver.) */,
			);
		};
/* End PBXProject section */

/* Begin PBXResourcesBuildPhase section */
		D01B9AE42915604A003871E4 /* Resources */ = {
			isa = PBXResourcesBuildPhase;
			buildActionMask = 2147483647;
			files = (
				D01B9AF62915604C003871E4 /* LaunchScreen.storyboard in Resources */,
				D01B9AF32915604C003871E4 /* Assets.xcassets in Resources */,
				D01B9AF12915604A003871E4 /* Main.storyboard in Resources */,
			);
			runOnlyForDeploymentPostprocessing = 0;
		};
/* End PBXResourcesBuildPhase section */

/* Begin PBXSourcesBuildPhase section */
		D01B9AE22915604A003871E4 /* Sources */ = {
			isa = PBXSourcesBuildPhase;
			buildActionMask = 2147483647;
			files = (
				D01B9AFF291564E5003871E4 /* StoryBrain.swift in Sources */,
				D01B9AEE2915604A003871E4 /* ViewController.swift in Sources */,
				D01B9B012915650C003871E4 /* WolfStory.swift in Sources */,
				D01B9AEA2915604A003871E4 /* AppDelegate.swift in Sources */,
				D01B9AEC2915604A003871E4 /* SceneDelegate.swift in Sources */,
			);
			runOnlyForDeploymentPostprocessing = 0;
		};
/* End PBXSourcesBuildPhase section */

/* Begin PBXVariantGroup section */
		D01B9AEF2915604A003871E4 /* Main.storyboard */ = {
			isa = PBXVariantGroup;
			children = (
				D01B9AF02915604A003871E4 /* Base */,
			);
			name = Main.storyboard;
			sourceTree = "<group>";
		};
		D01B9AF42915604C003871E4 /* LaunchScreen.storyboard */ = {
			isa = PBXVariantGroup;
			children = (
				D01B9AF52915604C003871E4 /* Base */,
			);
			name = LaunchScreen.storyboard;
			sourceTree = "<group>";
		};
/* End PBXVariantGroup section */

/* Begin XCBuildConfiguration section */
		D01B9AF82915604C003871E4 /* Debug */ = {
			isa = XCBuildConfiguration;
			buildSettings = {
				ALWAYS_SEARCH_USER_PATHS = NO;
				CLANG_ANALYZER_NONNULL = YES;
				CLANG_ANALYZER_NUMBER_OBJECT_CONVERSION = YES_AGGRESSIVE;
				CLANG_CXX_LANGUAGE_STANDARD = "gnu++17";
				CLANG_ENABLE_MODULES = YES;
				CLANG_ENABLE_OBJC_ARC = YES;
				CLANG_ENABLE_OBJC_WEAK = YES;
				CLANG_WARN_BLOCK_CAPTURE_AUTORELEASING = YES;
				CLANG_WARN_BOOL_CONVERSION = YES;
				CLANG_WARN_COMMA = YES;
				CLANG_WARN_CONSTANT_CONVERSION = YES;
				CLANG_WARN_DEPRECATED_OBJC_IMPLEMENTATIONS = YES;
				CLANG_WARN_DIRECT_OBJC_ISA_USAGE = YES_ERROR;
				CLANG_WARN_DOCUMENTATION_COMMENTS = YES;
				CLANG_WARN_EMPTY_BODY = YES;
				CLANG_WARN_ENUM_CONVERSION = YES;
				CLANG_WARN_INFINITE_RECURSION = YES;
				CLANG_WARN_INT_CONVERSION = YES;
				CLANG_WARN_NON_LITERAL_NULL_CONVERSION = YES;
				CLANG_WARN_OBJC_IMPLICIT_RETAIN_SELF = YES;
				CLANG_WARN_OBJC_LITERAL_CONVERSION = YES;
				CLANG_WARN_OBJC_ROOT_CLASS = YES_ERROR;
				CLANG_WARN_QUOTED_INCLUDE_IN_FRAMEWORK_HEADER = YES;
				CLANG_WARN_RANGE_LOOP_ANALYSIS = YES;
				CLANG_WARN_STRICT_PROTOTYPES = YES;
				CLANG_WARN_SUSPICIOUS_MOVE = YES;
				CLANG_WARN_UNGUARDED_AVAILABILITY = YES_AGGRESSIVE;
				CLANG_WARN_UNREACHABLE_CODE = YES;
				CLANG_WARN__DUPLICATE_METHOD_MATCH = YES;
				COPY_PHASE_STRIP = NO;
				DEBUG_INFORMATION_FORMAT = dwarf;
				ENABLE_STRICT_OBJC_MSGSEND = YES;
				ENABLE_TESTABILITY = YES;
				GCC_C_LANGUAGE_STANDARD = gnu11;
				GCC_DYNAMIC_NO_PIC = NO;
				GCC_NO_COMMON_BLOCKS = YES;
				GCC_OPTIMIZATION_LEVEL = 0;
				GCC_PREPROCESSOR_DEFINITIONS = (
					"DEBUG=1",
					"$(inherited)",
				);
				GCC_WARN_64_TO_32_BIT_CONVERSION = YES;
				GCC_WARN_ABOUT_RETURN_TYPE = YES_ERROR;
				GCC_WARN_UNDECLARED_SELECTOR = YES;
				GCC_WARN_UNINITIALIZED_AUTOS = YES_AGGRESSIVE;
				GCC_WARN_UNUSED_FUNCTION = YES;
				GCC_WARN_UNUSED_VARIABLE = YES;
				IPHONEOS_DEPLOYMENT_TARGET = 15.5;
				MTL_ENABLE_DEBUG_INFO = INCLUDE_SOURCE;
				MTL_FAST_MATH = YES;
				ONLY_ACTIVE_ARCH = YES;
				SDKROOT = iphoneos;
				SWIFT_ACTIVE_COMPILATION_CONDITIONS = DEBUG;
				SWIFT_OPTIMIZATION_LEVEL = "-Onone";
			};
			name = Debug;
		};
		D01B9AF92915604C003871E4 /* Release */ = {
			isa = XCBuildConfiguration;
			buildSettings = {
				ALWAYS_SEARCH_USER_PATHS = NO;
				CLANG_ANALYZER_NONNULL = YES;
				CLANG_ANALYZER_NUMBER_OBJECT_CONVERSION = YES_AGGRESSIVE;
				CLANG_CXX_LANGUAGE_STANDARD = "gnu++17";
				CLANG_ENABLE_MODULES = YES;
				CLANG_ENABLE_OBJC_ARC = YES;
				CLANG_ENABLE_OBJC_WEAK = YES;
				CLANG_WARN_BLOCK_CAPTURE_AUTORELEASING = YES;
				CLANG_WARN_BOOL_CONVERSION = YES;
				CLANG_WARN_COMMA = YES;
				CLANG_WARN_CONSTANT_CONVERSION = YES;
				CLANG_WARN_DEPRECATED_OBJC_IMPLEMENTATIONS = YES;
				CLANG_WARN_DIRECT_OBJC_ISA_USAGE = YES_ERROR;
				CLANG_WARN_DOCUMENTATION_COMMENTS = YES;
				CLANG_WARN_EMPTY_BODY = YES;
				CLANG_WARN_ENUM_CONVERSION = YES;
				CLANG_WARN_INFINITE_RECURSION = YES;
				CLANG_WARN_INT_CONVERSION = YES;
				CLANG_WARN_NON_LITERAL_NULL_CONVERSION = YES;
				CLANG_WARN_OBJC_IMPLICIT_RETAIN_SELF = YES;
				CLANG_WARN_OBJC_LITERAL_CONVERSION = YES;
				CLANG_WARN_OBJC_ROOT_CLASS = YES_ERROR;
				CLANG_WARN_QUOTED_INCLUDE_IN_FRAMEWORK_HEADER = YES;
				CLANG_WARN_RANGE_LOOP_ANALYSIS = YES;
				CLANG_WARN_STRICT_PROTOTYPES = YES;
				CLANG_WARN_SUSPICIOUS_MOVE = YES;
				CLANG_WARN_UNGUARDED_AVAILABILITY = YES_AGGRESSIVE;
				CLANG_WARN_UNREACHABLE_CODE = YES;
				CLANG_WARN__DUPLICATE_METHOD_MATCH = YES;
				COPY_PHASE_STRIP = NO;
				DEBUG_INFORMATION_FORMAT = "dwarf-with-dsym";
				ENABLE_NS_ASSERTIONS = NO;
				ENABLE_STRICT_OBJC_MSGSEND = YES;
				GCC_C_LANGUAGE_STANDARD = gnu11;
				GCC_NO_COMMON_BLOCKS = YES;
				GCC_WARN_64_TO_32_BIT_CONVERSION = YES;
				GCC_WARN_ABOUT_RETURN_TYPE = YES_ERROR;
				GCC_WARN_UNDECLARED_SELECTOR = YES;
				GCC_WARN_UNINITIALIZED_AUTOS = YES_AGGRESSIVE;
				GCC_WARN_UNUSED_FUNCTION = YES;
				GCC_WARN_UNUSED_VARIABLE = YES;
				IPHONEOS_DEPLOYMENT_TARGET = 15.5;
				MTL_ENABLE_DEBUG_INFO = NO;
				MTL_FAST_MATH = YES;
				SDKROOT = iphoneos;
				SWIFT_COMPILATION_MODE = wholemodule;
				SWIFT_OPTIMIZATION_LEVEL = "-O";
				VALIDATE_PRODUCT = YES;
			};
			name = Release;
		};
		D01B9AFB2915604C003871E4 /* Debug */ = {
			isa = XCBuildConfiguration;
			buildSettings = {
				ASSETCATALOG_COMPILER_APPICON_NAME = AppIcon;
				ASSETCATALOG_COMPILER_GLOBAL_ACCENT_COLOR_NAME = AccentColor;
				CODE_SIGN_STYLE = Automatic;
				CURRENT_PROJECT_VERSION = 1;
				DEVELOPMENT_TEAM = 66BU7QGW7Z;
				GENERATE_INFOPLIST_FILE = YES;
				INFOPLIST_FILE = "wolfStory (new ver.)/Info.plist";
				INFOPLIST_KEY_UIApplicationSupportsIndirectInputEvents = YES;
				INFOPLIST_KEY_UILaunchStoryboardName = LaunchScreen;
				INFOPLIST_KEY_UIMainStoryboardFile = Main;
				INFOPLIST_KEY_UISupportedInterfaceOrientations_iPad = "UIInterfaceOrientationPortrait UIInterfaceOrientationPortraitUpsideDown UIInterfaceOrientationLandscapeLeft UIInterfaceOrientationLandscapeRight";
				INFOPLIST_KEY_UISupportedInterfaceOrientations_iPhone = "UIInterfaceOrientationPortrait UIInterfaceOrientationLandscapeLeft UIInterfaceOrientationLandscapeRight";
				LD_RUNPATH_SEARCH_PATHS = (
					"$(inherited)",
					"@executable_path/Frameworks",
				);
				MARKETING_VERSION = 1.0;
				PRODUCT_BUNDLE_IDENTIFIER = "stu.inu.201802766.wolfStory--new-ver--";
				PRODUCT_NAME = "$(TARGET_NAME)";
				SWIFT_EMIT_LOC_STRINGS = YES;
				SWIFT_VERSION = 5.0;
				TARGETED_DEVICE_FAMILY = "1,2";
			};
			name = Debug;
		};
		D01B9AFC2915604C003871E4 /* Release */ = {
			isa = XCBuildConfiguration;
			buildSettings = {
				ASSETCATALOG_COMPILER_APPICON_NAME = AppIcon;
				ASSETCATALOG_COMPILER_GLOBAL_ACCENT_COLOR_NAME = AccentColor;
				CODE_SIGN_STYLE = Automatic;
				CURRENT_PROJECT_VERSION = 1;
				DEVELOPMENT_TEAM = 66BU7QGW7Z;
				GENERATE_INFOPLIST_FILE = YES;
				INFOPLIST_FILE = "wolfStory (new ver.)/Info.plist";
				INFOPLIST_KEY_UIApplicationSupportsIndirectInputEvents = YES;
				INFOPLIST_KEY_UILaunchStoryboardName = LaunchScreen;
				INFOPLIST_KEY_UIMainStoryboardFile = Main;
				INFOPLIST_KEY_UISupportedInterfaceOrientations_iPad = "UIInterfaceOrientationPortrait UIInterfaceOrientationPortraitUpsideDown UIInterfaceOrientationLandscapeLeft UIInterfaceOrientationLandscapeRight";
				INFOPLIST_KEY_UISupportedInterfaceOrientations_iPhone = "UIInterfaceOrientationPortrait UIInterfaceOrientationLandscapeLeft UIInterfaceOrientationLandscapeRight";
				LD_RUNPATH_SEARCH_PATHS = (
					"$(inherited)",
					"@executable_path/Frameworks",
				);
				MARKETING_VERSION = 1.0;
				PRODUCT_BUNDLE_IDENTIFIER = "stu.inu.201802766.wolfStory--new-ver--";
				PRODUCT_NAME = "$(TARGET_NAME)";
				SWIFT_EMIT_LOC_STRINGS = YES;
				SWIFT_VERSION = 5.0;
				TARGETED_DEVICE_FAMILY = "1,2";
			};
			name = Release;
		};
/* End XCBuildConfiguration section */

/* Begin XCConfigurationList section */
		D01B9AE12915604A003871E4 /* Build configuration list for PBXProject "wolfStory (new ver.)" */ = {
			isa = XCConfigurationList;
			buildConfigurations = (
				D01B9AF82915604C003871E4 /* Debug */,
				D01B9AF92915604C003871E4 /* Release */,
			);
			defaultConfigurationIsVisible = 0;
			defaultConfigurationName = Release;
		};
		D01B9AFA2915604C003871E4 /* Build configuration list for PBXNativeTarget "wolfStory (new ver.)" */ = {
			isa = XCConfigurationList;
			buildConfigurations = (
				D01B9AFB2915604C003871E4 /* Debug */,
				D01B9AFC2915604C003871E4 /* Release */,
			);
			defaultConfigurationIsVisible = 0;
			defaultConfigurationName = Release;
		};
/* End XCConfigurationList section */
	};
	rootObject = D01B9ADE2915604A003871E4 /* Project object */;
}
