// !$*UTF8*$!
{
	archiveVersion = 1;
	classes = {
	};
	objectVersion = 55;
	objects = {

/* Begin PBXBuildFile section */
		D0B555C428B4E15C002EA0A2 /* AppDelegate.swift in Sources */ = {isa = PBXBuildFile; fileRef = D0B555C328B4E15C002EA0A2 /* AppDelegate.swift */; };
		D0B555C628B4E15C002EA0A2 /* SceneDelegate.swift in Sources */ = {isa = PBXBuildFile; fileRef = D0B555C528B4E15C002EA0A2 /* SceneDelegate.swift */; };
		D0B555C828B4E15C002EA0A2 /* ViewController.swift in Sources */ = {isa = PBXBuildFile; fileRef = D0B555C728B4E15C002EA0A2 /* ViewController.swift */; };
		D0B555CB28B4E15C002EA0A2 /* Main.storyboard in Resources */ = {isa = PBXBuildFile; fileRef = D0B555C928B4E15C002EA0A2 /* Main.storyboard */; };
		D0B555CD28B4E15D002EA0A2 /* Assets.xcassets in Resources */ = {isa = PBXBuildFile; fileRef = D0B555CC28B4E15D002EA0A2 /* Assets.xcassets */; };
		D0B555D028B4E15D002EA0A2 /* LaunchScreen.storyboard in Resources */ = {isa = PBXBuildFile; fileRef = D0B555CE28B4E15D002EA0A2 /* LaunchScreen.storyboard */; };
		D0B555DB28B4E15D002EA0A2 /* stackViewPracticeTests.swift in Sources */ = {isa = PBXBuildFile; fileRef = D0B555DA28B4E15D002EA0A2 /* stackViewPracticeTests.swift */; };
		D0B555E528B4E15D002EA0A2 /* stackViewPracticeUITests.swift in Sources */ = {isa = PBXBuildFile; fileRef = D0B555E428B4E15D002EA0A2 /* stackViewPracticeUITests.swift */; };
		D0B555E728B4E15D002EA0A2 /* stackViewPracticeUITestsLaunchTests.swift in Sources */ = {isa = PBXBuildFile; fileRef = D0B555E628B4E15D002EA0A2 /* stackViewPracticeUITestsLaunchTests.swift */; };
/* End PBXBuildFile section */

/* Begin PBXContainerItemProxy section */
		D0B555D728B4E15D002EA0A2 /* PBXContainerItemProxy */ = {
			isa = PBXContainerItemProxy;
			containerPortal = D0B555B828B4E15C002EA0A2 /* Project object */;
			proxyType = 1;
			remoteGlobalIDString = D0B555BF28B4E15C002EA0A2;
			remoteInfo = stackViewPractice;
		};
		D0B555E128B4E15D002EA0A2 /* PBXContainerItemProxy */ = {
			isa = PBXContainerItemProxy;
			containerPortal = D0B555B828B4E15C002EA0A2 /* Project object */;
			proxyType = 1;
			remoteGlobalIDString = D0B555BF28B4E15C002EA0A2;
			remoteInfo = stackViewPractice;
		};
/* End PBXContainerItemProxy section */

/* Begin PBXFileReference section */
		D0B555C028B4E15C002EA0A2 /* stackViewPractice.app */ = {isa = PBXFileReference; explicitFileType = wrapper.application; includeInIndex = 0; path = stackViewPractice.app; sourceTree = BUILT_PRODUCTS_DIR; };
		D0B555C328B4E15C002EA0A2 /* AppDelegate.swift */ = {isa = PBXFileReference; lastKnownFileType = sourcecode.swift; path = AppDelegate.swift; sourceTree = "<group>"; };
		D0B555C528B4E15C002EA0A2 /* SceneDelegate.swift */ = {isa = PBXFileReference; lastKnownFileType = sourcecode.swift; path = SceneDelegate.swift; sourceTree = "<group>"; };
		D0B555C728B4E15C002EA0A2 /* ViewController.swift */ = {isa = PBXFileReference; lastKnownFileType = sourcecode.swift; path = ViewController.swift; sourceTree = "<group>"; };
		D0B555CA28B4E15C002EA0A2 /* Base */ = {isa = PBXFileReference; lastKnownFileType = file.storyboard; name = Base; path = Base.lproj/Main.storyboard; sourceTree = "<group>"; };
		D0B555CC28B4E15D002EA0A2 /* Assets.xcassets */ = {isa = PBXFileReference; lastKnownFileType = folder.assetcatalog; path = Assets.xcassets; sourceTree = "<group>"; };
		D0B555CF28B4E15D002EA0A2 /* Base */ = {isa = PBXFileReference; lastKnownFileType = file.storyboard; name = Base; path = Base.lproj/LaunchScreen.storyboard; sourceTree = "<group>"; };
		D0B555D128B4E15D002EA0A2 /* Info.plist */ = {isa = PBXFileReference; lastKnownFileType = text.plist.xml; path = Info.plist; sourceTree = "<group>"; };
		D0B555D628B4E15D002EA0A2 /* stackViewPracticeTests.xctest */ = {isa = PBXFileReference; explicitFileType = wrapper.cfbundle; includeInIndex = 0; path = stackViewPracticeTests.xctest; sourceTree = BUILT_PRODUCTS_DIR; };
		D0B555DA28B4E15D002EA0A2 /* stackViewPracticeTests.swift */ = {isa = PBXFileReference; lastKnownFileType = sourcecode.swift; path = stackViewPracticeTests.swift; sourceTree = "<group>"; };
		D0B555E028B4E15D002EA0A2 /* stackViewPracticeUITests.xctest */ = {isa = PBXFileReference; explicitFileType = wrapper.cfbundle; includeInIndex = 0; path = stackViewPracticeUITests.xctest; sourceTree = BUILT_PRODUCTS_DIR; };
		D0B555E428B4E15D002EA0A2 /* stackViewPracticeUITests.swift */ = {isa = PBXFileReference; lastKnownFileType = sourcecode.swift; path = stackViewPracticeUITests.swift; sourceTree = "<group>"; };
		D0B555E628B4E15D002EA0A2 /* stackViewPracticeUITestsLaunchTests.swift */ = {isa = PBXFileReference; lastKnownFileType = sourcecode.swift; path = stackViewPracticeUITestsLaunchTests.swift; sourceTree = "<group>"; };
/* End PBXFileReference section */

/* Begin PBXFrameworksBuildPhase section */
		D0B555BD28B4E15C002EA0A2 /* Frameworks */ = {
			isa = PBXFrameworksBuildPhase;
			buildActionMask = 2147483647;
			files = (
			);
			runOnlyForDeploymentPostprocessing = 0;
		};
		D0B555D328B4E15D002EA0A2 /* Frameworks */ = {
			isa = PBXFrameworksBuildPhase;
			buildActionMask = 2147483647;
			files = (
			);
			runOnlyForDeploymentPostprocessing = 0;
		};
		D0B555DD28B4E15D002EA0A2 /* Frameworks */ = {
			isa = PBXFrameworksBuildPhase;
			buildActionMask = 2147483647;
			files = (
			);
			runOnlyForDeploymentPostprocessing = 0;
		};
/* End PBXFrameworksBuildPhase section */

/* Begin PBXGroup section */
		D0B555B728B4E15C002EA0A2 = {
			isa = PBXGroup;
			children = (
				D0B555C228B4E15C002EA0A2 /* stackViewPractice */,
				D0B555D928B4E15D002EA0A2 /* stackViewPracticeTests */,
				D0B555E328B4E15D002EA0A2 /* stackViewPracticeUITests */,
				D0B555C128B4E15C002EA0A2 /* Products */,
			);
			sourceTree = "<group>";
		};
		D0B555C128B4E15C002EA0A2 /* Products */ = {
			isa = PBXGroup;
			children = (
				D0B555C028B4E15C002EA0A2 /* stackViewPractice.app */,
				D0B555D628B4E15D002EA0A2 /* stackViewPracticeTests.xctest */,
				D0B555E028B4E15D002EA0A2 /* stackViewPracticeUITests.xctest */,
			);
			name = Products;
			sourceTree = "<group>";
		};
		D0B555C228B4E15C002EA0A2 /* stackViewPractice */ = {
			isa = PBXGroup;
			children = (
				D0B555C328B4E15C002EA0A2 /* AppDelegate.swift */,
				D0B555C528B4E15C002EA0A2 /* SceneDelegate.swift */,
				D0B555C728B4E15C002EA0A2 /* ViewController.swift */,
				D0B555C928B4E15C002EA0A2 /* Main.storyboard */,
				D0B555CC28B4E15D002EA0A2 /* Assets.xcassets */,
				D0B555CE28B4E15D002EA0A2 /* LaunchScreen.storyboard */,
				D0B555D128B4E15D002EA0A2 /* Info.plist */,
			);
			path = stackViewPractice;
			sourceTree = "<group>";
		};
		D0B555D928B4E15D002EA0A2 /* stackViewPracticeTests */ = {
			isa = PBXGroup;
			children = (
				D0B555DA28B4E15D002EA0A2 /* stackViewPracticeTests.swift */,
			);
			path = stackViewPracticeTests;
			sourceTree = "<group>";
		};
		D0B555E328B4E15D002EA0A2 /* stackViewPracticeUITests */ = {
			isa = PBXGroup;
			children = (
				D0B555E428B4E15D002EA0A2 /* stackViewPracticeUITests.swift */,
				D0B555E628B4E15D002EA0A2 /* stackViewPracticeUITestsLaunchTests.swift */,
			);
			path = stackViewPracticeUITests;
			sourceTree = "<group>";
		};
/* End PBXGroup section */

/* Begin PBXNativeTarget section */
		D0B555BF28B4E15C002EA0A2 /* stackViewPractice */ = {
			isa = PBXNativeTarget;
			buildConfigurationList = D0B555EA28B4E15D002EA0A2 /* Build configuration list for PBXNativeTarget "stackViewPractice" */;
			buildPhases = (
				D0B555BC28B4E15C002EA0A2 /* Sources */,
				D0B555BD28B4E15C002EA0A2 /* Frameworks */,
				D0B555BE28B4E15C002EA0A2 /* Resources */,
			);
			buildRules = (
			);
			dependencies = (
			);
			name = stackViewPractice;
			productName = stackViewPractice;
			productReference = D0B555C028B4E15C002EA0A2 /* stackViewPractice.app */;
			productType = "com.apple.product-type.application";
		};
		D0B555D528B4E15D002EA0A2 /* stackViewPracticeTests */ = {
			isa = PBXNativeTarget;
			buildConfigurationList = D0B555ED28B4E15D002EA0A2 /* Build configuration list for PBXNativeTarget "stackViewPracticeTests" */;
			buildPhases = (
				D0B555D228B4E15D002EA0A2 /* Sources */,
				D0B555D328B4E15D002EA0A2 /* Frameworks */,
				D0B555D428B4E15D002EA0A2 /* Resources */,
			);
			buildRules = (
			);
			dependencies = (
				D0B555D828B4E15D002EA0A2 /* PBXTargetDependency */,
			);
			name = stackViewPracticeTests;
			productName = stackViewPracticeTests;
			productReference = D0B555D628B4E15D002EA0A2 /* stackViewPracticeTests.xctest */;
			productType = "com.apple.product-type.bundle.unit-test";
		};
		D0B555DF28B4E15D002EA0A2 /* stackViewPracticeUITests */ = {
			isa = PBXNativeTarget;
			buildConfigurationList = D0B555F028B4E15D002EA0A2 /* Build configuration list for PBXNativeTarget "stackViewPracticeUITests" */;
			buildPhases = (
				D0B555DC28B4E15D002EA0A2 /* Sources */,
				D0B555DD28B4E15D002EA0A2 /* Frameworks */,
				D0B555DE28B4E15D002EA0A2 /* Resources */,
			);
			buildRules = (
			);
			dependencies = (
				D0B555E228B4E15D002EA0A2 /* PBXTargetDependency */,
			);
			name = stackViewPracticeUITests;
			productName = stackViewPracticeUITests;
			productReference = D0B555E028B4E15D002EA0A2 /* stackViewPracticeUITests.xctest */;
			productType = "com.apple.product-type.bundle.ui-testing";
		};
/* End PBXNativeTarget section */

/* Begin PBXProject section */
		D0B555B828B4E15C002EA0A2 /* Project object */ = {
			isa = PBXProject;
			attributes = {
				BuildIndependentTargetsInParallel = 1;
				LastSwiftUpdateCheck = 1340;
				LastUpgradeCheck = 1340;
				TargetAttributes = {
					D0B555BF28B4E15C002EA0A2 = {
						CreatedOnToolsVersion = 13.4.1;
					};
					D0B555D528B4E15D002EA0A2 = {
						CreatedOnToolsVersion = 13.4.1;
						TestTargetID = D0B555BF28B4E15C002EA0A2;
					};
					D0B555DF28B4E15D002EA0A2 = {
						CreatedOnToolsVersion = 13.4.1;
						TestTargetID = D0B555BF28B4E15C002EA0A2;
					};
				};
			};
			buildConfigurationList = D0B555BB28B4E15C002EA0A2 /* Build configuration list for PBXProject "stackViewPractice" */;
			compatibilityVersion = "Xcode 13.0";
			developmentRegion = en;
			hasScannedForEncodings = 0;
			knownRegions = (
				en,
				Base,
			);
			mainGroup = D0B555B728B4E15C002EA0A2;
			productRefGroup = D0B555C128B4E15C002EA0A2 /* Products */;
			projectDirPath = "";
			projectRoot = "";
			targets = (
				D0B555BF28B4E15C002EA0A2 /* stackViewPractice */,
				D0B555D528B4E15D002EA0A2 /* stackViewPracticeTests */,
				D0B555DF28B4E15D002EA0A2 /* stackViewPracticeUITests */,
			);
		};
/* End PBXProject section */

/* Begin PBXResourcesBuildPhase section */
		D0B555BE28B4E15C002EA0A2 /* Resources */ = {
			isa = PBXResourcesBuildPhase;
			buildActionMask = 2147483647;
			files = (
				D0B555D028B4E15D002EA0A2 /* LaunchScreen.storyboard in Resources */,
				D0B555CD28B4E15D002EA0A2 /* Assets.xcassets in Resources */,
				D0B555CB28B4E15C002EA0A2 /* Main.storyboard in Resources */,
			);
			runOnlyForDeploymentPostprocessing = 0;
		};
		D0B555D428B4E15D002EA0A2 /* Resources */ = {
			isa = PBXResourcesBuildPhase;
			buildActionMask = 2147483647;
			files = (
			);
			runOnlyForDeploymentPostprocessing = 0;
		};
		D0B555DE28B4E15D002EA0A2 /* Resources */ = {
			isa = PBXResourcesBuildPhase;
			buildActionMask = 2147483647;
			files = (
			);
			runOnlyForDeploymentPostprocessing = 0;
		};
/* End PBXResourcesBuildPhase section */

/* Begin PBXSourcesBuildPhase section */
		D0B555BC28B4E15C002EA0A2 /* Sources */ = {
			isa = PBXSourcesBuildPhase;
			buildActionMask = 2147483647;
			files = (
				D0B555C828B4E15C002EA0A2 /* ViewController.swift in Sources */,
				D0B555C428B4E15C002EA0A2 /* AppDelegate.swift in Sources */,
				D0B555C628B4E15C002EA0A2 /* SceneDelegate.swift in Sources */,
			);
			runOnlyForDeploymentPostprocessing = 0;
		};
		D0B555D228B4E15D002EA0A2 /* Sources */ = {
			isa = PBXSourcesBuildPhase;
			buildActionMask = 2147483647;
			files = (
				D0B555DB28B4E15D002EA0A2 /* stackViewPracticeTests.swift in Sources */,
			);
			runOnlyForDeploymentPostprocessing = 0;
		};
		D0B555DC28B4E15D002EA0A2 /* Sources */ = {
			isa = PBXSourcesBuildPhase;
			buildActionMask = 2147483647;
			files = (
				D0B555E528B4E15D002EA0A2 /* stackViewPracticeUITests.swift in Sources */,
				D0B555E728B4E15D002EA0A2 /* stackViewPracticeUITestsLaunchTests.swift in Sources */,
			);
			runOnlyForDeploymentPostprocessing = 0;
		};
/* End PBXSourcesBuildPhase section */

/* Begin PBXTargetDependency section */
		D0B555D828B4E15D002EA0A2 /* PBXTargetDependency */ = {
			isa = PBXTargetDependency;
			target = D0B555BF28B4E15C002EA0A2 /* stackViewPractice */;
			targetProxy = D0B555D728B4E15D002EA0A2 /* PBXContainerItemProxy */;
		};
		D0B555E228B4E15D002EA0A2 /* PBXTargetDependency */ = {
			isa = PBXTargetDependency;
			target = D0B555BF28B4E15C002EA0A2 /* stackViewPractice */;
			targetProxy = D0B555E128B4E15D002EA0A2 /* PBXContainerItemProxy */;
		};
/* End PBXTargetDependency section */

/* Begin PBXVariantGroup section */
		D0B555C928B4E15C002EA0A2 /* Main.storyboard */ = {
			isa = PBXVariantGroup;
			children = (
				D0B555CA28B4E15C002EA0A2 /* Base */,
			);
			name = Main.storyboard;
			sourceTree = "<group>";
		};
		D0B555CE28B4E15D002EA0A2 /* LaunchScreen.storyboard */ = {
			isa = PBXVariantGroup;
			children = (
				D0B555CF28B4E15D002EA0A2 /* Base */,
			);
			name = LaunchScreen.storyboard;
			sourceTree = "<group>";
		};
/* End PBXVariantGroup section */

/* Begin XCBuildConfiguration section */
		D0B555E828B4E15D002EA0A2 /* Debug */ = {
			isa = XCBuildConfiguration;
			buildSettings = {
				ALWAYS_SEARCH_USER_PATHS = NO;
				CLANG_ANALYZER_NONNULL = YES;
				CLANG_ANALYZER_NUMBER_OBJECT_CONVERSION = YES_AGGRESSIVE;
				CLANG_CXX_LANGUAGE_STANDARD = "gnu++17";
				CLANG_ENABLE_MODULES = YES;
				CLANG_ENABLE_OBJC_ARC = YES;
				CLANG_ENABLE_OBJC_WEAK = YES;
				CLANG_WARN_BLOCK_CAPTURE_AUTORELEASING = YES;
				CLANG_WARN_BOOL_CONVERSION = YES;
				CLANG_WARN_COMMA = YES;
				CLANG_WARN_CONSTANT_CONVERSION = YES;
				CLANG_WARN_DEPRECATED_OBJC_IMPLEMENTATIONS = YES;
				CLANG_WARN_DIRECT_OBJC_ISA_USAGE = YES_ERROR;
				CLANG_WARN_DOCUMENTATION_COMMENTS = YES;
				CLANG_WARN_EMPTY_BODY = YES;
				CLANG_WARN_ENUM_CONVERSION = YES;
				CLANG_WARN_INFINITE_RECURSION = YES;
				CLANG_WARN_INT_CONVERSION = YES;
				CLANG_WARN_NON_LITERAL_NULL_CONVERSION = YES;
				CLANG_WARN_OBJC_IMPLICIT_RETAIN_SELF = YES;
				CLANG_WARN_OBJC_LITERAL_CONVERSION = YES;
				CLANG_WARN_OBJC_ROOT_CLASS = YES_ERROR;
				CLANG_WARN_QUOTED_INCLUDE_IN_FRAMEWORK_HEADER = YES;
				CLANG_WARN_RANGE_LOOP_ANALYSIS = YES;
				CLANG_WARN_STRICT_PROTOTYPES = YES;
				CLANG_WARN_SUSPICIOUS_MOVE = YES;
				CLANG_WARN_UNGUARDED_AVAILABILITY = YES_AGGRESSIVE;
				CLANG_WARN_UNREACHABLE_CODE = YES;
				CLANG_WARN__DUPLICATE_METHOD_MATCH = YES;
				COPY_PHASE_STRIP = NO;
				DEBUG_INFORMATION_FORMAT = dwarf;
				ENABLE_STRICT_OBJC_MSGSEND = YES;
				ENABLE_TESTABILITY = YES;
				GCC_C_LANGUAGE_STANDARD = gnu11;
				GCC_DYNAMIC_NO_PIC = NO;
				GCC_NO_COMMON_BLOCKS = YES;
				GCC_OPTIMIZATION_LEVEL = 0;
				GCC_PREPROCESSOR_DEFINITIONS = (
					"DEBUG=1",
					"$(inherited)",
				);
				GCC_WARN_64_TO_32_BIT_CONVERSION = YES;
				GCC_WARN_ABOUT_RETURN_TYPE = YES_ERROR;
				GCC_WARN_UNDECLARED_SELECTOR = YES;
				GCC_WARN_UNINITIALIZED_AUTOS = YES_AGGRESSIVE;
				GCC_WARN_UNUSED_FUNCTION = YES;
				GCC_WARN_UNUSED_VARIABLE = YES;
				IPHONEOS_DEPLOYMENT_TARGET = 15.5;
				MTL_ENABLE_DEBUG_INFO = INCLUDE_SOURCE;
				MTL_FAST_MATH = YES;
				ONLY_ACTIVE_ARCH = YES;
				SDKROOT = iphoneos;
				SWIFT_ACTIVE_COMPILATION_CONDITIONS = DEBUG;
				SWIFT_OPTIMIZATION_LEVEL = "-Onone";
			};
			name = Debug;
		};
		D0B555E928B4E15D002EA0A2 /* Release */ = {
			isa = XCBuildConfiguration;
			buildSettings = {
				ALWAYS_SEARCH_USER_PATHS = NO;
				CLANG_ANALYZER_NONNULL = YES;
				CLANG_ANALYZER_NUMBER_OBJECT_CONVERSION = YES_AGGRESSIVE;
				CLANG_CXX_LANGUAGE_STANDARD = "gnu++17";
				CLANG_ENABLE_MODULES = YES;
				CLANG_ENABLE_OBJC_ARC = YES;
				CLANG_ENABLE_OBJC_WEAK = YES;
				CLANG_WARN_BLOCK_CAPTURE_AUTORELEASING = YES;
				CLANG_WARN_BOOL_CONVERSION = YES;
				CLANG_WARN_COMMA = YES;
				CLANG_WARN_CONSTANT_CONVERSION = YES;
				CLANG_WARN_DEPRECATED_OBJC_IMPLEMENTATIONS = YES;
				CLANG_WARN_DIRECT_OBJC_ISA_USAGE = YES_ERROR;
				CLANG_WARN_DOCUMENTATION_COMMENTS = YES;
				CLANG_WARN_EMPTY_BODY = YES;
				CLANG_WARN_ENUM_CONVERSION = YES;
				CLANG_WARN_INFINITE_RECURSION = YES;
				CLANG_WARN_INT_CONVERSION = YES;
				CLANG_WARN_NON_LITERAL_NULL_CONVERSION = YES;
				CLANG_WARN_OBJC_IMPLICIT_RETAIN_SELF = YES;
				CLANG_WARN_OBJC_LITERAL_CONVERSION = YES;
				CLANG_WARN_OBJC_ROOT_CLASS = YES_ERROR;
				CLANG_WARN_QUOTED_INCLUDE_IN_FRAMEWORK_HEADER = YES;
				CLANG_WARN_RANGE_LOOP_ANALYSIS = YES;
				CLANG_WARN_STRICT_PROTOTYPES = YES;
				CLANG_WARN_SUSPICIOUS_MOVE = YES;
				CLANG_WARN_UNGUARDED_AVAILABILITY = YES_AGGRESSIVE;
				CLANG_WARN_UNREACHABLE_CODE = YES;
				CLANG_WARN__DUPLICATE_METHOD_MATCH = YES;
				COPY_PHASE_STRIP = NO;
				DEBUG_INFORMATION_FORMAT = "dwarf-with-dsym";
				ENABLE_NS_ASSERTIONS = NO;
				ENABLE_STRICT_OBJC_MSGSEND = YES;
				GCC_C_LANGUAGE_STANDARD = gnu11;
				GCC_NO_COMMON_BLOCKS = YES;
				GCC_WARN_64_TO_32_BIT_CONVERSION = YES;
				GCC_WARN_ABOUT_RETURN_TYPE = YES_ERROR;
				GCC_WARN_UNDECLARED_SELECTOR = YES;
				GCC_WARN_UNINITIALIZED_AUTOS = YES_AGGRESSIVE;
				GCC_WARN_UNUSED_FUNCTION = YES;
				GCC_WARN_UNUSED_VARIABLE = YES;
				IPHONEOS_DEPLOYMENT_TARGET = 15.5;
				MTL_ENABLE_DEBUG_INFO = NO;
				MTL_FAST_MATH = YES;
				SDKROOT = iphoneos;
				SWIFT_COMPILATION_MODE = wholemodule;
				SWIFT_OPTIMIZATION_LEVEL = "-O";
				VALIDATE_PRODUCT = YES;
			};
			name = Release;
		};
		D0B555EB28B4E15D002EA0A2 /* Debug */ = {
			isa = XCBuildConfiguration;
			buildSettings = {
				ASSETCATALOG_COMPILER_APPICON_NAME = AppIcon;
				ASSETCATALOG_COMPILER_GLOBAL_ACCENT_COLOR_NAME = AccentColor;
				CODE_SIGN_STYLE = Automatic;
				CURRENT_PROJECT_VERSION = 1;
				DEVELOPMENT_TEAM = 66BU7QGW7Z;
				GENERATE_INFOPLIST_FILE = YES;
				INFOPLIST_FILE = stackViewPractice/Info.plist;
				INFOPLIST_KEY_UIApplicationSupportsIndirectInputEvents = YES;
				INFOPLIST_KEY_UILaunchStoryboardName = LaunchScreen;
				INFOPLIST_KEY_UIMainStoryboardFile = Main;
				INFOPLIST_KEY_UISupportedInterfaceOrientations_iPad = "UIInterfaceOrientationPortrait UIInterfaceOrientationPortraitUpsideDown UIInterfaceOrientationLandscapeLeft UIInterfaceOrientationLandscapeRight";
				INFOPLIST_KEY_UISupportedInterfaceOrientations_iPhone = "UIInterfaceOrientationPortrait UIInterfaceOrientationLandscapeLeft UIInterfaceOrientationLandscapeRight";
				LD_RUNPATH_SEARCH_PATHS = (
					"$(inherited)",
					"@executable_path/Frameworks",
				);
				MARKETING_VERSION = 1.0;
				PRODUCT_BUNDLE_IDENTIFIER = stu.inu.201802766.stackViewPractice;
				PRODUCT_NAME = "$(TARGET_NAME)";
				SWIFT_EMIT_LOC_STRINGS = YES;
				SWIFT_VERSION = 5.0;
				TARGETED_DEVICE_FAMILY = "1,2";
			};
			name = Debug;
		};
		D0B555EC28B4E15D002EA0A2 /* Release */ = {
			isa = XCBuildConfiguration;
			buildSettings = {
				ASSETCATALOG_COMPILER_APPICON_NAME = AppIcon;
				ASSETCATALOG_COMPILER_GLOBAL_ACCENT_COLOR_NAME = AccentColor;
				CODE_SIGN_STYLE = Automatic;
				CURRENT_PROJECT_VERSION = 1;
				DEVELOPMENT_TEAM = 66BU7QGW7Z;
				GENERATE_INFOPLIST_FILE = YES;
				INFOPLIST_FILE = stackViewPractice/Info.plist;
				INFOPLIST_KEY_UIApplicationSupportsIndirectInputEvents = YES;
				INFOPLIST_KEY_UILaunchStoryboardName = LaunchScreen;
				INFOPLIST_KEY_UIMainStoryboardFile = Main;
				INFOPLIST_KEY_UISupportedInterfaceOrientations_iPad = "UIInterfaceOrientationPortrait UIInterfaceOrientationPortraitUpsideDown UIInterfaceOrientationLandscapeLeft UIInterfaceOrientationLandscapeRight";
				INFOPLIST_KEY_UISupportedInterfaceOrientations_iPhone = "UIInterfaceOrientationPortrait UIInterfaceOrientationLandscapeLeft UIInterfaceOrientationLandscapeRight";
				LD_RUNPATH_SEARCH_PATHS = (
					"$(inherited)",
					"@executable_path/Frameworks",
				);
				MARKETING_VERSION = 1.0;
				PRODUCT_BUNDLE_IDENTIFIER = stu.inu.201802766.stackViewPractice;
				PRODUCT_NAME = "$(TARGET_NAME)";
				SWIFT_EMIT_LOC_STRINGS = YES;
				SWIFT_VERSION = 5.0;
				TARGETED_DEVICE_FAMILY = "1,2";
			};
			name = Release;
		};
		D0B555EE28B4E15D002EA0A2 /* Debug */ = {
			isa = XCBuildConfiguration;
			buildSettings = {
				ALWAYS_EMBED_SWIFT_STANDARD_LIBRARIES = YES;
				BUNDLE_LOADER = "$(TEST_HOST)";
				CODE_SIGN_STYLE = Automatic;
				CURRENT_PROJECT_VERSION = 1;
				DEVELOPMENT_TEAM = 66BU7QGW7Z;
				GENERATE_INFOPLIST_FILE = YES;
				IPHONEOS_DEPLOYMENT_TARGET = 15.5;
				MARKETING_VERSION = 1.0;
				PRODUCT_BUNDLE_IDENTIFIER = stu.inu.201802766.stackViewPracticeTests;
				PRODUCT_NAME = "$(TARGET_NAME)";
				SWIFT_EMIT_LOC_STRINGS = NO;
				SWIFT_VERSION = 5.0;
				TARGETED_DEVICE_FAMILY = "1,2";
				TEST_HOST = "$(BUILT_PRODUCTS_DIR)/stackViewPractice.app/stackViewPractice";
			};
			name = Debug;
		};
		D0B555EF28B4E15D002EA0A2 /* Release */ = {
			isa = XCBuildConfiguration;
			buildSettings = {
				ALWAYS_EMBED_SWIFT_STANDARD_LIBRARIES = YES;
				BUNDLE_LOADER = "$(TEST_HOST)";
				CODE_SIGN_STYLE = Automatic;
				CURRENT_PROJECT_VERSION = 1;
				DEVELOPMENT_TEAM = 66BU7QGW7Z;
				GENERATE_INFOPLIST_FILE = YES;
				IPHONEOS_DEPLOYMENT_TARGET = 15.5;
				MARKETING_VERSION = 1.0;
				PRODUCT_BUNDLE_IDENTIFIER = stu.inu.201802766.stackViewPracticeTests;
				PRODUCT_NAME = "$(TARGET_NAME)";
				SWIFT_EMIT_LOC_STRINGS = NO;
				SWIFT_VERSION = 5.0;
				TARGETED_DEVICE_FAMILY = "1,2";
				TEST_HOST = "$(BUILT_PRODUCTS_DIR)/stackViewPractice.app/stackViewPractice";
			};
			name = Release;
		};
		D0B555F128B4E15D002EA0A2 /* Debug */ = {
			isa = XCBuildConfiguration;
			buildSettings = {
				ALWAYS_EMBED_SWIFT_STANDARD_LIBRARIES = YES;
				CODE_SIGN_STYLE = Automatic;
				CURRENT_PROJECT_VERSION = 1;
				DEVELOPMENT_TEAM = 66BU7QGW7Z;
				GENERATE_INFOPLIST_FILE = YES;
				MARKETING_VERSION = 1.0;
				PRODUCT_BUNDLE_IDENTIFIER = stu.inu.201802766.stackViewPracticeUITests;
				PRODUCT_NAME = "$(TARGET_NAME)";
				SWIFT_EMIT_LOC_STRINGS = NO;
				SWIFT_VERSION = 5.0;
				TARGETED_DEVICE_FAMILY = "1,2";
				TEST_TARGET_NAME = stackViewPractice;
			};
			name = Debug;
		};
		D0B555F228B4E15D002EA0A2 /* Release */ = {
			isa = XCBuildConfiguration;
			buildSettings = {
				ALWAYS_EMBED_SWIFT_STANDARD_LIBRARIES = YES;
				CODE_SIGN_STYLE = Automatic;
				CURRENT_PROJECT_VERSION = 1;
				DEVELOPMENT_TEAM = 66BU7QGW7Z;
				GENERATE_INFOPLIST_FILE = YES;
				MARKETING_VERSION = 1.0;
				PRODUCT_BUNDLE_IDENTIFIER = stu.inu.201802766.stackViewPracticeUITests;
				PRODUCT_NAME = "$(TARGET_NAME)";
				SWIFT_EMIT_LOC_STRINGS = NO;
				SWIFT_VERSION = 5.0;
				TARGETED_DEVICE_FAMILY = "1,2";
				TEST_TARGET_NAME = stackViewPractice;
			};
			name = Release;
		};
/* End XCBuildConfiguration section */

/* Begin XCConfigurationList section */
		D0B555BB28B4E15C002EA0A2 /* Build configuration list for PBXProject "stackViewPractice" */ = {
			isa = XCConfigurationList;
			buildConfigurations = (
				D0B555E828B4E15D002EA0A2 /* Debug */,
				D0B555E928B4E15D002EA0A2 /* Release */,
			);
			defaultConfigurationIsVisible = 0;
			defaultConfigurationName = Release;
		};
		D0B555EA28B4E15D002EA0A2 /* Build configuration list for PBXNativeTarget "stackViewPractice" */ = {
			isa = XCConfigurationList;
			buildConfigurations = (
				D0B555EB28B4E15D002EA0A2 /* Debug */,
				D0B555EC28B4E15D002EA0A2 /* Release */,
			);
			defaultConfigurationIsVisible = 0;
			defaultConfigurationName = Release;
		};
		D0B555ED28B4E15D002EA0A2 /* Build configuration list for PBXNativeTarget "stackViewPracticeTests" */ = {
			isa = XCConfigurationList;
			buildConfigurations = (
				D0B555EE28B4E15D002EA0A2 /* Debug */,
				D0B555EF28B4E15D002EA0A2 /* Release */,
			);
			defaultConfigurationIsVisible = 0;
			defaultConfigurationName = Release;
		};
		D0B555F028B4E15D002EA0A2 /* Build configuration list for PBXNativeTarget "stackViewPracticeUITests" */ = {
			isa = XCConfigurationList;
			buildConfigurations = (
				D0B555F128B4E15D002EA0A2 /* Debug */,
				D0B555F228B4E15D002EA0A2 /* Release */,
			);
			defaultConfigurationIsVisible = 0;
			defaultConfigurationName = Release;
		};
/* End XCConfigurationList section */
	};
	rootObject = D0B555B828B4E15C002EA0A2 /* Project object */;
}
